
Microsoft Visual Studio Solution File, Format Version 12.00
# Visual Studio Version 17
VisualStudioVersion = 17.2.32630.192
MinimumVisualStudioVersion = 10.0.40219.1
Project("{9A19103F-16F7-4668-BE54-9A1E7A4F7556}") = "CoffeeBackEnd", "CoffeeBackEnd\CoffeeBackEnd.csproj", "{C02671B0-060C-423C-9A11-98DF3CCC60A0}"
EndProject
Project("{2150E333-8FDC-42A3-9474-1A3956D46DE8}") = "Core", "Core", "{4EE01116-11BD-43CF-BB4C-3E93EB5A26A3}"
EndProject
Project("{2150E333-8FDC-42A3-9474-1A3956D46DE8}") = "Infrastructure", "Infrastructure", "{F3FE479B-8EF4-416C-B88F-302ABC6C6BEC}"
EndProject
Project("{9A19103F-16F7-4668-BE54-9A1E7A4F7556}") = "Domain", "Domain\Domain.csproj", "{5A007E27-6E78-4DD1-99C1-41A43728A2DA}"
EndProject
Project("{9A19103F-16F7-4668-BE54-9A1E7A4F7556}") = "DomainServices", "DomainServices\DomainServices.csproj", "{E91200BD-DFB9-4D3D-8440-9181DD9BD984}"
EndProject
Project("{9A19103F-16F7-4668-BE54-9A1E7A4F7556}") = "Persistence", "Persistence\Persistence.csproj", "{2E0E5391-6FDA-483D-A021-CDC14D1F6646}"
EndProject
Project("{9A19103F-16F7-4668-BE54-9A1E7A4F7556}") = "ApplicationServices", "ApplicationServices\ApplicationServices.csproj", "{7FD70E58-9547-409F-A04F-0504F12289E1}"
EndProject
Project("{FAE04EC0-301F-11D3-BF4B-00C04F79EFBC}") = "Infrastructure", "Infrastructure\Infrastructure.csproj", "{9CE6C760-1058-4F07-ABF8-709C40CE13C5}"
EndProject
Global
	GlobalSection(SolutionConfigurationPlatforms) = preSolution
		Debug|Any CPU = Debug|Any CPU
		Release|Any CPU = Release|Any CPU
	EndGlobalSection
	GlobalSection(ProjectConfigurationPlatforms) = postSolution
		{C02671B0-060C-423C-9A11-98DF3CCC60A0}.Debug|Any CPU.ActiveCfg = Debug|Any CPU
		{C02671B0-060C-423C-9A11-98DF3CCC60A0}.Debug|Any CPU.Build.0 = Debug|Any CPU
		{C02671B0-060C-423C-9A11-98DF3CCC60A0}.Release|Any CPU.ActiveCfg = Release|Any CPU
		{C02671B0-060C-423C-9A11-98DF3CCC60A0}.Release|Any CPU.Build.0 = Release|Any CPU
		{5A007E27-6E78-4DD1-99C1-41A43728A2DA}.Debug|Any CPU.ActiveCfg = Debug|Any CPU
		{5A007E27-6E78-4DD1-99C1-41A43728A2DA}.Debug|Any CPU.Build.0 = Debug|Any CPU
		{5A007E27-6E78-4DD1-99C1-41A43728A2DA}.Release|Any CPU.ActiveCfg = Release|Any CPU
		{5A007E27-6E78-4DD1-99C1-41A43728A2DA}.Release|Any CPU.Build.0 = Release|Any CPU
		{E91200BD-DFB9-4D3D-8440-9181DD9BD984}.Debug|Any CPU.ActiveCfg = Debug|Any CPU
		{E91200BD-DFB9-4D3D-8440-9181DD9BD984}.Debug|Any CPU.Build.0 = Debug|Any CPU
		{E91200BD-DFB9-4D3D-8440-9181DD9BD984}.Release|Any CPU.ActiveCfg = Release|Any CPU
		{E91200BD-DFB9-4D3D-8440-9181DD9BD984}.Release|Any CPU.Build.0 = Release|Any CPU
		{2E0E5391-6FDA-483D-A021-CDC14D1F6646}.Debug|Any CPU.ActiveCfg = Debug|Any CPU
		{2E0E5391-6FDA-483D-A021-CDC14D1F6646}.Debug|Any CPU.Build.0 = Debug|Any CPU
		{2E0E5391-6FDA-483D-A021-CDC14D1F6646}.Release|Any CPU.ActiveCfg = Release|Any CPU
		{2E0E5391-6FDA-483D-A021-CDC14D1F6646}.Release|Any CPU.Build.0 = Release|Any CPU
		{7FD70E58-9547-409F-A04F-0504F12289E1}.Debug|Any CPU.ActiveCfg = Debug|Any CPU
		{7FD70E58-9547-409F-A04F-0504F12289E1}.Debug|Any CPU.Build.0 = Debug|Any CPU
		{7FD70E58-9547-409F-A04F-0504F12289E1}.Release|Any CPU.ActiveCfg = Release|Any CPU
		{7FD70E58-9547-409F-A04F-0504F12289E1}.Release|Any CPU.Build.0 = Release|Any CPU
		{9CE6C760-1058-4F07-ABF8-709C40CE13C5}.Debug|Any CPU.ActiveCfg = Debug|Any CPU
		{9CE6C760-1058-4F07-ABF8-709C40CE13C5}.Debug|Any CPU.Build.0 = Debug|Any CPU
		{9CE6C760-1058-4F07-ABF8-709C40CE13C5}.Release|Any CPU.ActiveCfg = Release|Any CPU
		{9CE6C760-1058-4F07-ABF8-709C40CE13C5}.Release|Any CPU.Build.0 = Release|Any CPU
	EndGlobalSection
	GlobalSection(SolutionProperties) = preSolution
		HideSolutionNode = FALSE
	EndGlobalSection
	GlobalSection(NestedProjects) = preSolution
		{5A007E27-6E78-4DD1-99C1-41A43728A2DA} = {4EE01116-11BD-43CF-BB4C-3E93EB5A26A3}
		{E91200BD-DFB9-4D3D-8440-9181DD9BD984} = {4EE01116-11BD-43CF-BB4C-3E93EB5A26A3}
		{2E0E5391-6FDA-483D-A021-CDC14D1F6646} = {F3FE479B-8EF4-416C-B88F-302ABC6C6BEC}
		{7FD70E58-9547-409F-A04F-0504F12289E1} = {4EE01116-11BD-43CF-BB4C-3E93EB5A26A3}
		{9CE6C760-1058-4F07-ABF8-709C40CE13C5} = {F3FE479B-8EF4-416C-B88F-302ABC6C6BEC}
	EndGlobalSection
	GlobalSection(ExtensibilityGlobals) = postSolution
		SolutionGuid = {09CAED0F-C5C2-4923-90EA-78CE2AB57020}
	EndGlobalSection
EndGlobal
